
Microsoft Visual Studio Solution File, Format Version 12.00
# Visual Studio 15
VisualStudioVersion = 15.0.26730.12
MinimumVisualStudioVersion = 10.0.40219.1
Project("{FAE04EC0-301F-11D3-BF4B-00C04F79EFBC}") = "Delegate", "Delegate\Delegate.csproj", "{CB0FF326-7BF1-4B66-81A1-969A2ABF3AC6}"
EndProject
Project("{FAE04EC0-301F-11D3-BF4B-00C04F79EFBC}") = "Events", "Events\Events.csproj", "{7236CE2A-D295-452A-91F6-D8A47B1370ED}"
EndProject
Project("{FAE04EC0-301F-11D3-BF4B-00C04F79EFBC}") = "Asnyc", "Asnyc\Asnyc.csproj", "{8C30C060-E5A3-4B17-BE1C-EB3C1EBF4EA6}"
EndProject
Project("{FAE04EC0-301F-11D3-BF4B-00C04F79EFBC}") = "CommonLq", "CommonLq\CommonLq.csproj", "{A554AA75-6D0C-4D65-8F46-7983FA2DE2EB}"
EndProject
Project("{FAE04EC0-301F-11D3-BF4B-00C04F79EFBC}") = "ThreadDemo", "Thread\ThreadDemo.csproj", "{86A0EAB3-534F-4CE6-B9CA-07777D190F35}"
EndProject
Project("{2150E333-8FDC-42A3-9474-1A3956D46DE8}") = "设计模式", "设计模式", "{543494BB-3A01-4BB0-B3DB-194B18F9862E}"
EndProject
Project("{2150E333-8FDC-42A3-9474-1A3956D46DE8}") = "异步", "异步", "{6670FA42-75D0-42A5-986C-85437C7FEDC3}"
EndProject
Project("{2150E333-8FDC-42A3-9474-1A3956D46DE8}") = "委托", "委托", "{0F52E89E-83CF-4098-8F7A-A4BB6CC067FC}"
EndProject
Project("{2150E333-8FDC-42A3-9474-1A3956D46DE8}") = "多线程", "多线程", "{B59F58E9-3DFF-4D03-8219-7E128B8B82ED}"
EndProject
Project("{2150E333-8FDC-42A3-9474-1A3956D46DE8}") = "事件", "事件", "{EEA41303-2F87-44AD-A6B4-8E4EE51A1EBF}"
EndProject
Project("{2150E333-8FDC-42A3-9474-1A3956D46DE8}") = "公共方法", "公共方法", "{66D0D104-DDF9-4C88-B221-46C8842E2DDC}"
EndProject
Project("{FAE04EC0-301F-11D3-BF4B-00C04F79EFBC}") = "单例模式", "单例模式\单例模式.csproj", "{089726A3-09A9-46E2-9861-3340A7E726B3}"
EndProject
Project("{2150E333-8FDC-42A3-9474-1A3956D46DE8}") = "开源框架", "开源框架", "{15446910-B014-4673-A982-599E384B3CC0}"
EndProject
Project("{FAE04EC0-301F-11D3-BF4B-00C04F79EFBC}") = "依赖注入Unity", "依赖注入Unity\依赖注入Unity.csproj", "{FAE09A97-DBA0-421B-8D6D-317F8D141C2D}"
EndProject
Project("{2150E333-8FDC-42A3-9474-1A3956D46DE8}") = "MVC", "MVC", "{53624D56-CC7F-4297-B7DA-DA2939E372DE}"
EndProject
Project("{FAE04EC0-301F-11D3-BF4B-00C04F79EFBC}") = "MvcStuding", "MvcStuding\MvcStuding.csproj", "{08B65844-3461-4892-B3F4-95458F986D74}"
EndProject
Global
	GlobalSection(SolutionConfigurationPlatforms) = preSolution
		Debug|Any CPU = Debug|Any CPU
		Release|Any CPU = Release|Any CPU
	EndGlobalSection
	GlobalSection(ProjectConfigurationPlatforms) = postSolution
		{CB0FF326-7BF1-4B66-81A1-969A2ABF3AC6}.Debug|Any CPU.ActiveCfg = Debug|Any CPU
		{CB0FF326-7BF1-4B66-81A1-969A2ABF3AC6}.Debug|Any CPU.Build.0 = Debug|Any CPU
		{CB0FF326-7BF1-4B66-81A1-969A2ABF3AC6}.Release|Any CPU.ActiveCfg = Release|Any CPU
		{CB0FF326-7BF1-4B66-81A1-969A2ABF3AC6}.Release|Any CPU.Build.0 = Release|Any CPU
		{7236CE2A-D295-452A-91F6-D8A47B1370ED}.Debug|Any CPU.ActiveCfg = Debug|Any CPU
		{7236CE2A-D295-452A-91F6-D8A47B1370ED}.Debug|Any CPU.Build.0 = Debug|Any CPU
		{7236CE2A-D295-452A-91F6-D8A47B1370ED}.Release|Any CPU.ActiveCfg = Release|Any CPU
		{7236CE2A-D295-452A-91F6-D8A47B1370ED}.Release|Any CPU.Build.0 = Release|Any CPU
		{8C30C060-E5A3-4B17-BE1C-EB3C1EBF4EA6}.Debug|Any CPU.ActiveCfg = Debug|Any CPU
		{8C30C060-E5A3-4B17-BE1C-EB3C1EBF4EA6}.Debug|Any CPU.Build.0 = Debug|Any CPU
		{8C30C060-E5A3-4B17-BE1C-EB3C1EBF4EA6}.Release|Any CPU.ActiveCfg = Release|Any CPU
		{8C30C060-E5A3-4B17-BE1C-EB3C1EBF4EA6}.Release|Any CPU.Build.0 = Release|Any CPU
		{A554AA75-6D0C-4D65-8F46-7983FA2DE2EB}.Debug|Any CPU.ActiveCfg = Debug|Any CPU
		{A554AA75-6D0C-4D65-8F46-7983FA2DE2EB}.Debug|Any CPU.Build.0 = Debug|Any CPU
		{A554AA75-6D0C-4D65-8F46-7983FA2DE2EB}.Release|Any CPU.ActiveCfg = Release|Any CPU
		{A554AA75-6D0C-4D65-8F46-7983FA2DE2EB}.Release|Any CPU.Build.0 = Release|Any CPU
		{86A0EAB3-534F-4CE6-B9CA-07777D190F35}.Debug|Any CPU.ActiveCfg = Debug|Any CPU
		{86A0EAB3-534F-4CE6-B9CA-07777D190F35}.Debug|Any CPU.Build.0 = Debug|Any CPU
		{86A0EAB3-534F-4CE6-B9CA-07777D190F35}.Release|Any CPU.ActiveCfg = Release|Any CPU
		{86A0EAB3-534F-4CE6-B9CA-07777D190F35}.Release|Any CPU.Build.0 = Release|Any CPU
		{089726A3-09A9-46E2-9861-3340A7E726B3}.Debug|Any CPU.ActiveCfg = Debug|Any CPU
		{089726A3-09A9-46E2-9861-3340A7E726B3}.Debug|Any CPU.Build.0 = Debug|Any CPU
		{089726A3-09A9-46E2-9861-3340A7E726B3}.Release|Any CPU.ActiveCfg = Release|Any CPU
		{089726A3-09A9-46E2-9861-3340A7E726B3}.Release|Any CPU.Build.0 = Release|Any CPU
		{FAE09A97-DBA0-421B-8D6D-317F8D141C2D}.Debug|Any CPU.ActiveCfg = Debug|Any CPU
		{FAE09A97-DBA0-421B-8D6D-317F8D141C2D}.Debug|Any CPU.Build.0 = Debug|Any CPU
		{FAE09A97-DBA0-421B-8D6D-317F8D141C2D}.Release|Any CPU.ActiveCfg = Release|Any CPU
		{FAE09A97-DBA0-421B-8D6D-317F8D141C2D}.Release|Any CPU.Build.0 = Release|Any CPU
		{08B65844-3461-4892-B3F4-95458F986D74}.Debug|Any CPU.ActiveCfg = Debug|Any CPU
		{08B65844-3461-4892-B3F4-95458F986D74}.Debug|Any CPU.Build.0 = Debug|Any CPU
		{08B65844-3461-4892-B3F4-95458F986D74}.Release|Any CPU.ActiveCfg = Release|Any CPU
		{08B65844-3461-4892-B3F4-95458F986D74}.Release|Any CPU.Build.0 = Release|Any CPU
	EndGlobalSection
	GlobalSection(SolutionProperties) = preSolution
		HideSolutionNode = FALSE
	EndGlobalSection
	GlobalSection(NestedProjects) = preSolution
		{CB0FF326-7BF1-4B66-81A1-969A2ABF3AC6} = {0F52E89E-83CF-4098-8F7A-A4BB6CC067FC}
		{7236CE2A-D295-452A-91F6-D8A47B1370ED} = {EEA41303-2F87-44AD-A6B4-8E4EE51A1EBF}
		{8C30C060-E5A3-4B17-BE1C-EB3C1EBF4EA6} = {6670FA42-75D0-42A5-986C-85437C7FEDC3}
		{A554AA75-6D0C-4D65-8F46-7983FA2DE2EB} = {66D0D104-DDF9-4C88-B221-46C8842E2DDC}
		{86A0EAB3-534F-4CE6-B9CA-07777D190F35} = {B59F58E9-3DFF-4D03-8219-7E128B8B82ED}
		{089726A3-09A9-46E2-9861-3340A7E726B3} = {543494BB-3A01-4BB0-B3DB-194B18F9862E}
		{FAE09A97-DBA0-421B-8D6D-317F8D141C2D} = {15446910-B014-4673-A982-599E384B3CC0}
		{08B65844-3461-4892-B3F4-95458F986D74} = {53624D56-CC7F-4297-B7DA-DA2939E372DE}
	EndGlobalSection
	GlobalSection(ExtensibilityGlobals) = postSolution
		SolutionGuid = {281CB6B4-27D3-4257-A1F4-402BC957CAC1}
	EndGlobalSection
EndGlobal
